// !$*UTF8*$!
{
	archiveVersion = 1;
	classes = {
	};
	objectVersion = 46;
	objects = {

/* Begin PBXBuildFile section */
		1D14B2B61D6A362500239FBD /* AppDelegate.swift in Sources */ = {isa = PBXBuildFile; fileRef = 1D14B2B51D6A362500239FBD /* AppDelegate.swift */; };
		1D14B2B81D6A362500239FBD /* ViewController.swift in Sources */ = {isa = PBXBuildFile; fileRef = 1D14B2B71D6A362500239FBD /* ViewController.swift */; };
		1D14B2BD1D6A362500239FBD /* Assets.xcassets in Resources */ = {isa = PBXBuildFile; fileRef = 1D14B2BC1D6A362500239FBD /* Assets.xcassets */; };
		1D14B2C01D6A362500239FBD /* LaunchScreen.storyboard in Resources */ = {isa = PBXBuildFile; fileRef = 1D14B2BE1D6A362500239FBD /* LaunchScreen.storyboard */; };
		1DF2E2071D6A371700582661 /* SignalViewController.swift in Sources */ = {isa = PBXBuildFile; fileRef = 1DF2E2061D6A371700582661 /* SignalViewController.swift */; };
		1DF2E2091D6A376C00582661 /* FlowController.swift in Sources */ = {isa = PBXBuildFile; fileRef = 1DF2E2081D6A376C00582661 /* FlowController.swift */; };
		1DF2E20B1D6A40B100582661 /* ProducerViewController.swift in Sources */ = {isa = PBXBuildFile; fileRef = 1DF2E20A1D6A40B100582661 /* ProducerViewController.swift */; };
		2AB5E0345F1FAFD1CF531067 /* Pods_Disposables.framework in Frameworks */ = {isa = PBXBuildFile; fileRef = DAD22CAC2A72C6E96FBC1BD0 /* Pods_Disposables.framework */; };
/* End PBXBuildFile section */

/* Begin PBXFileReference section */
		1D14B2B21D6A362500239FBD /* Disposables.app */ = {isa = PBXFileReference; explicitFileType = wrapper.application; includeInIndex = 0; path = Disposables.app; sourceTree = BUILT_PRODUCTS_DIR; };
		1D14B2B51D6A362500239FBD /* AppDelegate.swift */ = {isa = PBXFileReference; lastKnownFileType = sourcecode.swift; path = AppDelegate.swift; sourceTree = "<group>"; };
		1D14B2B71D6A362500239FBD /* ViewController.swift */ = {isa = PBXFileReference; lastKnownFileType = sourcecode.swift; path = ViewController.swift; sourceTree = "<group>"; };
		1D14B2BC1D6A362500239FBD /* Assets.xcassets */ = {isa = PBXFileReference; lastKnownFileType = folder.assetcatalog; path = Assets.xcassets; sourceTree = "<group>"; };
		1D14B2BF1D6A362500239FBD /* Base */ = {isa = PBXFileReference; lastKnownFileType = file.storyboard; name = Base; path = Base.lproj/LaunchScreen.storyboard; sourceTree = "<group>"; };
		1D14B2C11D6A362500239FBD /* Info.plist */ = {isa = PBXFileReference; lastKnownFileType = text.plist.xml; path = Info.plist; sourceTree = "<group>"; };
		1DF2E2061D6A371700582661 /* SignalViewController.swift */ = {isa = PBXFileReference; fileEncoding = 4; lastKnownFileType = sourcecode.swift; path = SignalViewController.swift; sourceTree = "<group>"; };
		1DF2E2081D6A376C00582661 /* FlowController.swift */ = {isa = PBXFileReference; fileEncoding = 4; lastKnownFileType = sourcecode.swift; path = FlowController.swift; sourceTree = "<group>"; };
		1DF2E20A1D6A40B100582661 /* ProducerViewController.swift */ = {isa = PBXFileReference; fileEncoding = 4; lastKnownFileType = sourcecode.swift; path = ProducerViewController.swift; sourceTree = "<group>"; };
		3AAEAB5FBA9C02E6AC59768C /* Pods-Disposables.release.xcconfig */ = {isa = PBXFileReference; includeInIndex = 1; lastKnownFileType = text.xcconfig; name = "Pods-Disposables.release.xcconfig"; path = "Pods/Target Support Files/Pods-Disposables/Pods-Disposables.release.xcconfig"; sourceTree = "<group>"; };
		DAD22CAC2A72C6E96FBC1BD0 /* Pods_Disposables.framework */ = {isa = PBXFileReference; explicitFileType = wrapper.framework; includeInIndex = 0; path = Pods_Disposables.framework; sourceTree = BUILT_PRODUCTS_DIR; };
		F6A7884B335346498FAFA11D /* Pods-Disposables.debug.xcconfig */ = {isa = PBXFileReference; includeInIndex = 1; lastKnownFileType = text.xcconfig; name = "Pods-Disposables.debug.xcconfig"; path = "Pods/Target Support Files/Pods-Disposables/Pods-Disposables.debug.xcconfig"; sourceTree = "<group>"; };
/* End PBXFileReference section */

/* Begin PBXFrameworksBuildPhase section */
		1D14B2AF1D6A362500239FBD /* Frameworks */ = {
			isa = PBXFrameworksBuildPhase;
			buildActionMask = 2147483647;
			files = (
				2AB5E0345F1FAFD1CF531067 /* Pods_Disposables.framework in Frameworks */,
			);
			runOnlyForDeploymentPostprocessing = 0;
		};
/* End PBXFrameworksBuildPhase section */

/* Begin PBXGroup section */
		011477736F698F475BA7A4AA /* Frameworks */ = {
			isa = PBXGroup;
			children = (
				DAD22CAC2A72C6E96FBC1BD0 /* Pods_Disposables.framework */,
			);
			name = Frameworks;
			sourceTree = "<group>";
		};
		1D14B2A91D6A362500239FBD = {
			isa = PBXGroup;
			children = (
				1D14B2B41D6A362500239FBD /* Disposables */,
				1D14B2B31D6A362500239FBD /* Products */,
				602DED31A123B9C7B5118926 /* Pods */,
				011477736F698F475BA7A4AA /* Frameworks */,
			);
			sourceTree = "<group>";
		};
		1D14B2B31D6A362500239FBD /* Products */ = {
			isa = PBXGroup;
			children = (
				1D14B2B21D6A362500239FBD /* Disposables.app */,
			);
			name = Products;
			sourceTree = "<group>";
		};
		1D14B2B41D6A362500239FBD /* Disposables */ = {
			isa = PBXGroup;
			children = (
				1D14B2B51D6A362500239FBD /* AppDelegate.swift */,
				1D14B2B71D6A362500239FBD /* ViewController.swift */,
				1DF2E2061D6A371700582661 /* SignalViewController.swift */,
				1DF2E20A1D6A40B100582661 /* ProducerViewController.swift */,
				1DF2E2081D6A376C00582661 /* FlowController.swift */,
				1D14B2BC1D6A362500239FBD /* Assets.xcassets */,
				1D14B2BE1D6A362500239FBD /* LaunchScreen.storyboard */,
				1D14B2C11D6A362500239FBD /* Info.plist */,
			);
			path = Disposables;
			sourceTree = "<group>";
		};
		602DED31A123B9C7B5118926 /* Pods */ = {
			isa = PBXGroup;
			children = (
				F6A7884B335346498FAFA11D /* Pods-Disposables.debug.xcconfig */,
				3AAEAB5FBA9C02E6AC59768C /* Pods-Disposables.release.xcconfig */,
			);
			name = Pods;
			sourceTree = "<group>";
		};
/* End PBXGroup section */

/* Begin PBXNativeTarget section */
		1D14B2B11D6A362500239FBD /* Disposables */ = {
			isa = PBXNativeTarget;
			buildConfigurationList = 1D14B2C41D6A362500239FBD /* Build configuration list for PBXNativeTarget "Disposables" */;
			buildPhases = (
				00BAA6B0FC63CB6F4DBA4C5A /* Check Pods Manifest.lock */,
				1D14B2AE1D6A362500239FBD /* Sources */,
				1D14B2AF1D6A362500239FBD /* Frameworks */,
				1D14B2B01D6A362500239FBD /* Resources */,
				13B8502F86D206AF1772C54D /* Embed Pods Frameworks */,
				DB4F14551318E715F520D3EE /* Copy Pods Resources */,
			);
			buildRules = (
			);
			dependencies = (
			);
			name = Disposables;
			productName = Disposables;
			productReference = 1D14B2B21D6A362500239FBD /* Disposables.app */;
			productType = "com.apple.product-type.application";
		};
/* End PBXNativeTarget section */

/* Begin PBXProject section */
		1D14B2AA1D6A362500239FBD /* Project object */ = {
			isa = PBXProject;
			attributes = {
				LastSwiftUpdateCheck = 0730;
				LastUpgradeCheck = 0730;
				ORGANIZATIONNAME = "Eliasz Sawicki";
				TargetAttributes = {
					1D14B2B11D6A362500239FBD = {
						CreatedOnToolsVersion = 7.3;
					};
				};
			};
			buildConfigurationList = 1D14B2AD1D6A362500239FBD /* Build configuration list for PBXProject "Disposables" */;
			compatibilityVersion = "Xcode 3.2";
			developmentRegion = English;
			hasScannedForEncodings = 0;
			knownRegions = (
				en,
				Base,
			);
			mainGroup = 1D14B2A91D6A362500239FBD;
			productRefGroup = 1D14B2B31D6A362500239FBD /* Products */;
			projectDirPath = "";
			projectRoot = "";
			targets = (
				1D14B2B11D6A362500239FBD /* Disposables */,
			);
		};
/* End PBXProject section */

/* Begin PBXResourcesBuildPhase section */
		1D14B2B01D6A362500239FBD /* Resources */ = {
			isa = PBXResourcesBuildPhase;
			buildActionMask = 2147483647;
			files = (
				1D14B2C01D6A362500239FBD /* LaunchScreen.storyboard in Resources */,
				1D14B2BD1D6A362500239FBD /* Assets.xcassets in Resources */,
			);
			runOnlyForDeploymentPostprocessing = 0;
		};
/* End PBXResourcesBuildPhase section */

/* Begin PBXShellScriptBuildPhase section */
		00BAA6B0FC63CB6F4DBA4C5A /* Check Pods Manifest.lock */ = {
			isa = PBXShellScriptBuildPhase;
			buildActionMask = 2147483647;
			files = (
			);
			inputPaths = (
			);
			name = "Check Pods Manifest.lock";
			outputPaths = (
			);
			runOnlyForDeploymentPostprocessing = 0;
			shellPath = /bin/sh;
			shellScript = "diff \"${PODS_ROOT}/../Podfile.lock\" \"${PODS_ROOT}/Manifest.lock\" > /dev/null\nif [[ $? != 0 ]] ; then\n    cat << EOM\nerror: The sandbox is not in sync with the Podfile.lock. Run 'pod install' or update your CocoaPods installation.\nEOM\n    exit 1\nfi\n";
			showEnvVarsInLog = 0;
		};
		13B8502F86D206AF1772C54D /* Embed Pods Frameworks */ = {
			isa = PBXShellScriptBuildPhase;
			buildActionMask = 2147483647;
			files = (
			);
			inputPaths = (
			);
			name = "Embed Pods Frameworks";
			outputPaths = (
			);
			runOnlyForDeploymentPostprocessing = 0;
			shellPath = /bin/sh;
			shellScript = "\"${SRCROOT}/Pods/Target Support Files/Pods-Disposables/Pods-Disposables-frameworks.sh\"\n";
			showEnvVarsInLog = 0;
		};
		DB4F14551318E715F520D3EE /* Copy Pods Resources */ = {
			isa = PBXShellScriptBuildPhase;
			buildActionMask = 2147483647;
			files = (
			);
			inputPaths = (
			);
			name = "Copy Pods Resources";
			outputPaths = (
			);
			runOnlyForDeploymentPostprocessing = 0;
			shellPath = /bin/sh;
			shellScript = "\"${SRCROOT}/Pods/Target Support Files/Pods-Disposables/Pods-Disposables-resources.sh\"\n";
			showEnvVarsInLog = 0;
		};
/* End PBXShellScriptBuildPhase section */

/* Begin PBXSourcesBuildPhase section */
		1D14B2AE1D6A362500239FBD /* Sources */ = {
			isa = PBXSourcesBuildPhase;
			buildActionMask = 2147483647;
			files = (
				1DF2E2071D6A371700582661 /* SignalViewController.swift in Sources */,
				1DF2E20B1D6A40B100582661 /* ProducerViewController.swift in Sources */,
				1D14B2B81D6A362500239FBD /* ViewController.swift in Sources */,
				1D14B2B61D6A362500239FBD /* AppDelegate.swift in Sources */,
				1DF2E2091D6A376C00582661 /* FlowController.swift in Sources */,
			);
			runOnlyForDeploymentPostprocessing = 0;
		};
/* End PBXSourcesBuildPhase section */

/* Begin PBXVariantGroup section */
		1D14B2BE1D6A362500239FBD /* LaunchScreen.storyboard */ = {
			isa = PBXVariantGroup;
			children = (
				1D14B2BF1D6A362500239FBD /* Base */,
			);
			name = LaunchScreen.storyboard;
			sourceTree = "<group>";
		};
/* End PBXVariantGroup section */

/* Begin XCBuildConfiguration section */
		1D14B2C21D6A362500239FBD /* Debug */ = {
			isa = XCBuildConfiguration;
			buildSettings = {
				ALWAYS_SEARCH_USER_PATHS = NO;
				CLANG_ANALYZER_NONNULL = YES;
				CLANG_CXX_LANGUAGE_STANDARD = "gnu++0x";
				CLANG_CXX_LIBRARY = "libc++";
				CLANG_ENABLE_MODULES = YES;
				CLANG_ENABLE_OBJC_ARC = YES;
				CLANG_WARN_BOOL_CONVERSION = YES;
				CLANG_WARN_CONSTANT_CONVERSION = YES;
				CLANG_WARN_DIRECT_OBJC_ISA_USAGE = YES_ERROR;
				CLANG_WARN_EMPTY_BODY = YES;
				CLANG_WARN_ENUM_CONVERSION = YES;
				CLANG_WARN_INT_CONVERSION = YES;
				CLANG_WARN_OBJC_ROOT_CLASS = YES_ERROR;
				CLANG_WARN_UNREACHABLE_CODE = YES;
				CLANG_WARN__DUPLICATE_METHOD_MATCH = YES;
				"CODE_SIGN_IDENTITY[sdk=iphoneos*]" = "iPhone Developer";
				COPY_PHASE_STRIP = NO;
				DEBUG_INFORMATION_FORMAT = dwarf;
				ENABLE_STRICT_OBJC_MSGSEND = YES;
				ENABLE_TESTABILITY = YES;
				GCC_C_LANGUAGE_STANDARD = gnu99;
				GCC_DYNAMIC_NO_PIC = NO;
				GCC_NO_COMMON_BLOCKS = YES;
				GCC_OPTIMIZATION_LEVEL = 0;
				GCC_PREPROCESSOR_DEFINITIONS = (
					"DEBUG=1",
					"$(inherited)",
				);
				GCC_WARN_64_TO_32_BIT_CONVERSION = YES;
				GCC_WARN_ABOUT_RETURN_TYPE = YES_ERROR;
				GCC_WARN_UNDECLARED_SELECTOR = YES;
				GCC_WARN_UNINITIALIZED_AUTOS = YES_AGGRESSIVE;
				GCC_WARN_UNUSED_FUNCTION = YES;
				GCC_WARN_UNUSED_VARIABLE = YES;
				IPHONEOS_DEPLOYMENT_TARGET = 9.3;
				MTL_ENABLE_DEBUG_INFO = YES;
				ONLY_ACTIVE_ARCH = YES;
				SDKROOT = iphoneos;
				SWIFT_OPTIMIZATION_LEVEL = "-Onone";
			};
			name = Debug;
		};
		1D14B2C31D6A362500239FBD /* Release */ = {
			isa = XCBuildConfiguration;
			buildSettings = {
				ALWAYS_SEARCH_USER_PATHS = NO;
				CLANG_ANALYZER_NONNULL = YES;
				CLANG_CXX_LANGUAGE_STANDARD = "gnu++0x";
				CLANG_CXX_LIBRARY = "libc++";
				CLANG_ENABLE_MODULES = YES;
				CLANG_ENABLE_OBJC_ARC = YES;
				CLANG_WARN_BOOL_CONVERSION = YES;
				CLANG_WARN_CONSTANT_CONVERSION = YES;
				CLANG_WARN_DIRECT_OBJC_ISA_USAGE = YES_ERROR;
				CLANG_WARN_EMPTY_BODY = YES;
				CLANG_WARN_ENUM_CONVERSION = YES;
				CLANG_WARN_INT_CONVERSION = YES;
				CLANG_WARN_OBJC_ROOT_CLASS = YES_ERROR;
				CLANG_WARN_UNREACHABLE_CODE = YES;
				CLANG_WARN__DUPLICATE_METHOD_MATCH = YES;
				"CODE_SIGN_IDENTITY[sdk=iphoneos*]" = "iPhone Developer";
				COPY_PHASE_STRIP = NO;
				DEBUG_INFORMATION_FORMAT = "dwarf-with-dsym";
				ENABLE_NS_ASSERTIONS = NO;
				ENABLE_STRICT_OBJC_MSGSEND = YES;
				GCC_C_LANGUAGE_STANDARD = gnu99;
				GCC_NO_COMMON_BLOCKS = YES;
				GCC_WARN_64_TO_32_BIT_CONVERSION = YES;
				GCC_WARN_ABOUT_RETURN_TYPE = YES_ERROR;
				GCC_WARN_UNDECLARED_SELECTOR = YES;
				GCC_WARN_UNINITIALIZED_AUTOS = YES_AGGRESSIVE;
				GCC_WARN_UNUSED_FUNCTION = YES;
				GCC_WARN_UNUSED_VARIABLE = YES;
				IPHONEOS_DEPLOYMENT_TARGET = 9.3;
				MTL_ENABLE_DEBUG_INFO = NO;
				SDKROOT = iphoneos;
				VALIDATE_PRODUCT = YES;
			};
			name = Release;
		};
		1D14B2C51D6A362500239FBD /* Debug */ = {
			isa = XCBuildConfiguration;
			baseConfigurationReference = F6A7884B335346498FAFA11D /* Pods-Disposables.debug.xcconfig */;
			buildSettings = {
				ASSETCATALOG_COMPILER_APPICON_NAME = AppIcon;
				INFOPLIST_FILE = Disposables/Info.plist;
				LD_RUNPATH_SEARCH_PATHS = "$(inherited) @executable_path/Frameworks";
				PRODUCT_BUNDLE_IDENTIFIER = sawpro.Disposables;
				PRODUCT_NAME = "$(TARGET_NAME)";
			};
			name = Debug;
		};
		1D14B2C61D6A362500239FBD /* Release */ = {
			isa = XCBuildConfiguration;
			baseConfigurationReference = 3AAEAB5FBA9C02E6AC59768C /* Pods-Disposables.release.xcconfig */;
			buildSettings = {
				ASSETCATALOG_COMPILER_APPICON_NAME = AppIcon;
				INFOPLIST_FILE = Disposables/Info.plist;
				LD_RUNPATH_SEARCH_PATHS = "$(inherited) @executable_path/Frameworks";
				PRODUCT_BUNDLE_IDENTIFIER = sawpro.Disposables;
				PRODUCT_NAME = "$(TARGET_NAME)";
			};
			name = Release;
		};
/* End XCBuildConfiguration section */

/* Begin XCConfigurationList section */
		1D14B2AD1D6A362500239FBD /* Build configuration list for PBXProject "Disposables" */ = {
			isa = XCConfigurationList;
			buildConfigurations = (
				1D14B2C21D6A362500239FBD /* Debug */,
				1D14B2C31D6A362500239FBD /* Release */,
			);
			defaultConfigurationIsVisible = 0;
			defaultConfigurationName = Release;
		};
		1D14B2C41D6A362500239FBD /* Build configuration list for PBXNativeTarget "Disposables" */ = {
			isa = XCConfigurationList;
			buildConfigurations = (
				1D14B2C51D6A362500239FBD /* Debug */,
				1D14B2C61D6A362500239FBD /* Release */,
			);
			defaultConfigurationIsVisible = 0;
			defaultConfigurationName = Release;
		};
/* End XCConfigurationList section */
	};
	rootObject = 1D14B2AA1D6A362500239FBD /* Project object */;
}
